
Microsoft Visual Studio Solution File, Format Version 12.00
# Visual Studio Version 17
VisualStudioVersion = 17.10.35004.147
MinimumVisualStudioVersion = 10.0.40219.1
Project("{FAE04EC0-301F-11D3-BF4B-00C04F79EFBC}") = "Final-back", "Final-back\Final-back.csproj", "{540F569F-4F43-4225-B9D2-CCD2BE784341}"
EndProject
Global
	GlobalSection(SolutionConfigurationPlatforms) = preSolution
		Debug|Any CPU = Debug|Any CPU
		Release|Any CPU = Release|Any CPU
	EndGlobalSection
	GlobalSection(ProjectConfigurationPlatforms) = postSolution
		{540F569F-4F43-4225-B9D2-CCD2BE784341}.Debug|Any CPU.ActiveCfg = Debug|Any CPU
		{540F569F-4F43-4225-B9D2-CCD2BE784341}.Debug|Any CPU.Build.0 = Debug|Any CPU
		{540F569F-4F43-4225-B9D2-CCD2BE784341}.Release|Any CPU.ActiveCfg = Release|Any CPU
		{540F569F-4F43-4225-B9D2-CCD2BE784341}.Release|Any CPU.Build.0 = Release|Any CPU
	EndGlobalSection
	GlobalSection(SolutionProperties) = preSolution
		HideSolutionNode = FALSE
	EndGlobalSection
	GlobalSection(ExtensibilityGlobals) = postSolution
		SolutionGuid = {1D8D80E4-ACAD-4933-A29D-67C6877CF695}
	EndGlobalSection
EndGlobal
